<?xml version="1.0" encoding="utf-8"?>
<Project ToolsVersion="4.0" xmlns="http://schemas.microsoft.com/developer/msbuild/2003">
  <ItemGroup>
    <Filter Include="Source Files">
      <UniqueIdentifier>{4FC737F1-C7A5-4376-A066-2A32D752A2FF}</UniqueIdentifier>
      <Extensions>cpp;c;cc;cxx;c++;cppm;ixx;def;odl;idl;hpj;bat;asm;asmx</Extensions>
    </Filter>
    <Filter Include="Header Files">
      <UniqueIdentifier>{93995380-89BD-4b04-88EB-625FBE52EBFB}</UniqueIdentifier>
      <Extensions>h;hh;hpp;hxx;h++;hm;inl;inc;ipp;xsd</Extensions>
    </Filter>
    <Filter Include="Resource Files">
      <UniqueIdentifier>{67DA6AB6-F800-4c08-8B7A-83BB121AAD01}</UniqueIdentifier>
      <Extensions>rc;ico;cur;bmp;dlg;rc2;rct;bin;rgs;gif;jpg;jpeg;jpe;resx;tiff;tif;png;wav;mfcribbon-ms</Extensions>
    </Filter>
  </ItemGroup>
  <ItemGroup>
    <ClCompile Include="src\Main.cpp">
      <Filter>Source Files</Filter>
    </ClCompile>
    <ClCompile Include="src\glad.c">
      <Filter>Source Files</Filter>
    </ClCompile>
    <ClCompile Include="src\Dialogue.cpp">
      <Filter>Source Files</Filter>
    </ClCompile>
    <ClCompile Include="src\Util.cpp">
      <Filter>Source Files</Filter>
    </ClCompile>
    <ClCompile Include="src\Shader.cpp">
      <Filter>Source Files</Filter>
    </ClCompile>
    <ClCompile Include="src\stb_image.cpp">
      <Filter>Source Files</Filter>
    </ClCompile>
    <ClCompile Include="src\Camera3D.cpp">
      <Filter>Source Files</Filter>
    </ClCompile>
    <ClCompile Include="src\Window.cpp">
      <Filter>Source Files</Filter>
    </ClCompile>
    <ClCompile Include="src\Game.cpp">
      <Filter>Source Files</Filter>
    </ClCompile>
    <ClCompile Include="src\Texture.cpp">
      <Filter>Source Files</Filter>
    </ClCompile>
    <ClCompile Include="src\ResourceManager.cpp">
      <Filter>Source Files</Filter>
    </ClCompile>
    <ClCompile Include="src\Scene.cpp">
      <Filter>Source Files</Filter>
    </ClCompile>
    <ClCompile Include="src\Scenes\Scene3DTest.cpp">
      <Filter>Source Files</Filter>
    </ClCompile>
    <ClCompile Include="src\Scenes\Scene2D.cpp">
      <Filter>Source Files</Filter>
    </ClCompile>
    <ClCompile Include="src\Camera2D.cpp">
      <Filter>Source Files</Filter>
    </ClCompile>
    <ClCompile Include="src\Spritesheet.cpp">
      <Filter>Source Files</Filter>
    </ClCompile>
    <ClCompile Include="src\Tile.cpp">
      <Filter>Source Files</Filter>
    </ClCompile>
  </ItemGroup>
  <ItemGroup>
    <ClInclude Include="include\Dialogue.h">
      <Filter>Header Files</Filter>
    </ClInclude>
    <ClInclude Include="include\Util.h">
      <Filter>Header Files</Filter>
    </ClInclude>
    <ClInclude Include="include\Shader.h">
      <Filter>Header Files</Filter>
    </ClInclude>
    <ClInclude Include="include\Camera3D.h">
      <Filter>Header Files</Filter>
    </ClInclude>
    <ClInclude Include="include\Window.h">
      <Filter>Header Files</Filter>
    </ClInclude>
    <ClInclude Include="include\Game.h">
      <Filter>Header Files</Filter>
    </ClInclude>
    <ClInclude Include="include\Texture.h">
      <Filter>Header Files</Filter>
    </ClInclude>
    <ClInclude Include="include\ResourceManager.h">
      <Filter>Header Files</Filter>
    </ClInclude>
    <ClInclude Include="include\Scene.h">
      <Filter>Header Files</Filter>
    </ClInclude>
    <ClInclude Include="include\Scenes\Scene3DTest.h">
      <Filter>Header Files</Filter>
    </ClInclude>
    <ClInclude Include="include\Scenes\Scene2D.h">
      <Filter>Header Files</Filter>
    </ClInclude>
    <ClInclude Include="include\Camera2D.h">
      <Filter>Header Files</Filter>
    </ClInclude>
    <ClInclude Include="include\Spritesheet.h">
      <Filter>Header Files</Filter>
    </ClInclude>
    <ClInclude Include="include\Tile.h">
      <Filter>Header Files</Filter>
    </ClInclude>
    <ClInclude Include="include\Constants.h">
      <Filter>Header Files</Filter>
    </ClInclude>
  </ItemGroup>
  <ItemGroup>
    <None Include="res\dialogue\Dialogue_Test.dlog">
      <Filter>Resource Files</Filter>
    </None>
    <None Include="res\shaders\VertexShader.vert">
      <Filter>Resource Files</Filter>
    </None>
    <None Include="res\shaders\FragmentShader.frag">
      <Filter>Resource Files</Filter>
    </None>
    <None Include="res\shaders\2DVertexShader.vert" />
    <None Include="res\shaders\2DFragmentShader.frag" />
    <None Include="..\Old_Java\src\Play\Maps\CoolIslandMap.java" />
    <None Include="..\Old_Java\src\Play\Maps\InsideHouseMap.java" />
    <None Include="..\Old_Java\src\Play\Maps\LolMap.java" />
    <None Include="..\Old_Java\src\Play\Maps\MapManager.java" />
    <None Include="..\Old_Java\src\Play\Maps\Tile.java" />
    <None Include="..\Old_Java\src\Play\Maps\TileMap.java" />
    <None Include="..\Old_Java\res\maps\BrookieShowAndTell.map" />
    <None Include="..\Old_Java\res\maps\COOL_ISLAND.map" />
    <None Include="..\Old_Java\res\maps\flowers.map" />
    <None Include="..\Old_Java\res\maps\INSIDE_HOUSE.map" />
    <None Include="..\Old_Java\res\maps\Island.map" />
    <None Include="..\Old_Java\res\maps\Land Bridge.map" />
    <None Include="..\Old_Java\res\maps\Link%27s Awakening MapSize.map" />
    <None Include="..\Old_Java\res\maps\LOL.map" />
    <None Include="..\Old_Java\res\maps\marioSunLevel.map" />
    <None Include="..\Old_Java\res\maps\Square Ponds.map" />
    <None Include="..\Old_Java\res\maps\suns.map" />
    <None Include="..\Old_Java\res\maps\Unnecessarily Large Island.map" />
    <None Include="res\maps\BrookieShowAndTell.map" />
    <None Include="res\maps\COOL_ISLAND.map" />
    <None Include="res\maps\flowers.map" />
    <None Include="res\maps\INSIDE_HOUSE.map" />
    <None Include="res\maps\Island.map" />
    <None Include="res\maps\Land Bridge.map" />
    <None Include="res\maps\Link%27s Awakening MapSize.map" />
    <None Include="res\maps\LOL.map" />
    <None Include="res\maps\marioSunLevel.map" />
    <None Include="res\maps\Square Ponds.map" />
    <None Include="res\maps\suns.map" />
    <None Include="res\maps\Unnecessarily Large Island.map" />
  </ItemGroup>
  <ItemGroup>
    <Image Include="res\img\container.jpg">
      <Filter>Resource Files</Filter>
    </Image>
    <Image Include="res\img\awesomeface.png">
      <Filter>Resource Files</Filter>
    </Image>
    <Image Include="res\spritesheets\characterSheet.png">
      <Filter>Resource Files</Filter>
    </Image>
    <Image Include="res\spritesheets\itemSheet.png">
      <Filter>Resource Files</Filter>
    </Image>
    <Image Include="res\spritesheets\tileSheet.png">
      <Filter>Resource Files</Filter>
    </Image>
  </ItemGroup>
</Project>